
Microsoft Visual Studio Solution File, Format Version 12.00
# Visual Studio Version 17
VisualStudioVersion = 17.8.34330.188
MinimumVisualStudioVersion = 10.0.40219.1
Project("{FAE04EC0-301F-11D3-BF4B-00C04F79EFBC}") = "РПМ Практическая работа 2", "РПМ Практическая работа 2.csproj", "{3E13CA30-D7FF-459C-9961-B563DD3DD75C}"
EndProject
Global
	GlobalSection(SolutionConfigurationPlatforms) = preSolution
		Debug|Any CPU = Debug|Any CPU
		Release|Any CPU = Release|Any CPU
	EndGlobalSection
	GlobalSection(ProjectConfigurationPlatforms) = postSolution
		{3E13CA30-D7FF-459C-9961-B563DD3DD75C}.Debug|Any CPU.ActiveCfg = Debug|Any CPU
		{3E13CA30-D7FF-459C-9961-B563DD3DD75C}.Debug|Any CPU.Build.0 = Debug|Any CPU
		{3E13CA30-D7FF-459C-9961-B563DD3DD75C}.Release|Any CPU.ActiveCfg = Release|Any CPU
		{3E13CA30-D7FF-459C-9961-B563DD3DD75C}.Release|Any CPU.Build.0 = Release|Any CPU
	EndGlobalSection
	GlobalSection(SolutionProperties) = preSolution
		HideSolutionNode = FALSE
	EndGlobalSection
	GlobalSection(ExtensibilityGlobals) = postSolution
		SolutionGuid = {65D45117-D4D8-4B1A-96C8-9631E9F05D83}
	EndGlobalSection
EndGlobal
